// !$*UTF8*$!
{
	archiveVersion = 1;
	classes = {
	};
	objectVersion = 46;
	objects = {

/* Begin PBXBuildFile section */
		5B0127C219E43EB80069858A /* AppDelegate.swift in Sources */ = {isa = PBXBuildFile; fileRef = 5B0127C119E43EB80069858A /* AppDelegate.swift */; };
		5B0127C519E43EB80069858A /* Infinity_Swift.xcdatamodeld in Sources */ = {isa = PBXBuildFile; fileRef = 5B0127C319E43EB80069858A /* Infinity_Swift.xcdatamodeld */; };
		5B0127C719E43EB80069858A /* HomeViewController.swift in Sources */ = {isa = PBXBuildFile; fileRef = 5B0127C619E43EB80069858A /* HomeViewController.swift */; };
		5B0127CA19E43EB80069858A /* Main.storyboard in Resources */ = {isa = PBXBuildFile; fileRef = 5B0127C819E43EB80069858A /* Main.storyboard */; };
		5B0127CC19E43EB80069858A /* Images.xcassets in Resources */ = {isa = PBXBuildFile; fileRef = 5B0127CB19E43EB80069858A /* Images.xcassets */; };
		5B0127CF19E43EB80069858A /* LaunchScreen.xib in Resources */ = {isa = PBXBuildFile; fileRef = 5B0127CD19E43EB80069858A /* LaunchScreen.xib */; };
		5B0127DB19E43EB80069858A /* Infinity_SwiftTests.swift in Sources */ = {isa = PBXBuildFile; fileRef = 5B0127DA19E43EB80069858A /* Infinity_SwiftTests.swift */; };
		5B01284819E442B90069858A /* arrow_hr.png in Resources */ = {isa = PBXBuildFile; fileRef = 5B0127E919E442B90069858A /* arrow_hr.png */; };
		5B01284919E442B90069858A /* arrow_vr.png in Resources */ = {isa = PBXBuildFile; fileRef = 5B0127EA19E442B90069858A /* arrow_vr.png */; };
		5B01284A19E442B90069858A /* bg_profile_angie.png in Resources */ = {isa = PBXBuildFile; fileRef = 5B0127EB19E442B90069858A /* bg_profile_angie.png */; };
		5B01284B19E442B90069858A /* bg_profile_kikuchi.png in Resources */ = {isa = PBXBuildFile; fileRef = 5B0127EC19E442B90069858A /* bg_profile_kikuchi.png */; };
		5B01284C19E442B90069858A /* bg_profile_liu.png in Resources */ = {isa = PBXBuildFile; fileRef = 5B0127ED19E442B90069858A /* bg_profile_liu.png */; };
		5B01284D19E442B90069858A /* bg_profile_ogata.png in Resources */ = {isa = PBXBuildFile; fileRef = 5B0127EE19E442B90069858A /* bg_profile_ogata.png */; };
		5B01284E19E442B90069858A /* bg_profile_sekaryo.png in Resources */ = {isa = PBXBuildFile; fileRef = 5B0127EF19E442B90069858A /* bg_profile_sekaryo.png */; };
		5B01284F19E442B90069858A /* bg_profile_tomari.png in Resources */ = {isa = PBXBuildFile; fileRef = 5B0127F019E442B90069858A /* bg_profile_tomari.png */; };
		5B01285019E442B90069858A /* bg.png in Resources */ = {isa = PBXBuildFile; fileRef = 5B0127F119E442B90069858A /* bg.png */; };
		5B01285119E442B90069858A /* bt_about.png in Resources */ = {isa = PBXBuildFile; fileRef = 5B0127F219E442B90069858A /* bt_about.png */; };
		5B01285219E442B90069858A /* bt_back.png in Resources */ = {isa = PBXBuildFile; fileRef = 5B0127F319E442B90069858A /* bt_back.png */; };
		5B01285319E442B90069858A /* bt_edit.png in Resources */ = {isa = PBXBuildFile; fileRef = 5B0127F419E442B90069858A /* bt_edit.png */; };
		5B01285419E442B90069858A /* bt_fotos.png in Resources */ = {isa = PBXBuildFile; fileRef = 5B0127F519E442B90069858A /* bt_fotos.png */; };
		5B01285519E442B90069858A /* bt_menu.png in Resources */ = {isa = PBXBuildFile; fileRef = 5B0127F619E442B90069858A /* bt_menu.png */; };
		5B01285619E442B90069858A /* bt_movie.png in Resources */ = {isa = PBXBuildFile; fileRef = 5B0127F719E442B90069858A /* bt_movie.png */; };
		5B01285719E442B90069858A /* bt_play.png in Resources */ = {isa = PBXBuildFile; fileRef = 5B0127F819E442B90069858A /* bt_play.png */; };
		5B01285819E442B90069858A /* bt_playmovie_angie.png in Resources */ = {isa = PBXBuildFile; fileRef = 5B0127F919E442B90069858A /* bt_playmovie_angie.png */; };
		5B01285919E442B90069858A /* bt_playmovie_kikuchi.png in Resources */ = {isa = PBXBuildFile; fileRef = 5B0127FA19E442B90069858A /* bt_playmovie_kikuchi.png */; };
		5B01285A19E442B90069858A /* bt_playmovie_liu.png in Resources */ = {isa = PBXBuildFile; fileRef = 5B0127FB19E442B90069858A /* bt_playmovie_liu.png */; };
		5B01285B19E442B90069858A /* bt_playmovie_ogata.png in Resources */ = {isa = PBXBuildFile; fileRef = 5B0127FC19E442B90069858A /* bt_playmovie_ogata.png */; };
		5B01285C19E442B90069858A /* bt_playmovie_sekaryo.png in Resources */ = {isa = PBXBuildFile; fileRef = 5B0127FD19E442B90069858A /* bt_playmovie_sekaryo.png */; };
		5B01285D19E442B90069858A /* bt_playmovie_tomari.png in Resources */ = {isa = PBXBuildFile; fileRef = 5B0127FE19E442B90069858A /* bt_playmovie_tomari.png */; };
		5B01285E19E442B90069858A /* bt_profile.png in Resources */ = {isa = PBXBuildFile; fileRef = 5B0127FF19E442B90069858A /* bt_profile.png */; };
		5B01285F19E442B90069858A /* bt_share.png in Resources */ = {isa = PBXBuildFile; fileRef = 5B01280019E442B90069858A /* bt_share.png */; };
		5B01286019E442B90069858A /* bt_zoom.png in Resources */ = {isa = PBXBuildFile; fileRef = 5B01280119E442B90069858A /* bt_zoom.png */; };
		5B01286119E442B90069858A /* dot_ol.png in Resources */ = {isa = PBXBuildFile; fileRef = 5B01280219E442B90069858A /* dot_ol.png */; };
		5B01286219E442B90069858A /* dot_separator.png in Resources */ = {isa = PBXBuildFile; fileRef = 5B01280319E442B90069858A /* dot_separator.png */; };
		5B01286319E442B90069858A /* dot_solid.png in Resources */ = {isa = PBXBuildFile; fileRef = 5B01280419E442B90069858A /* dot_solid.png */; };
		5B01286419E442B90069858A /* foto_angie_l.png in Resources */ = {isa = PBXBuildFile; fileRef = 5B01280519E442B90069858A /* foto_angie_l.png */; };
		5B01286519E442B90069858A /* foto_angie_s.png in Resources */ = {isa = PBXBuildFile; fileRef = 5B01280619E442B90069858A /* foto_angie_s.png */; };
		5B01286619E442B90069858A /* foto_kikuchi_l.png in Resources */ = {isa = PBXBuildFile; fileRef = 5B01280719E442B90069858A /* foto_kikuchi_l.png */; };
		5B01286719E442B90069858A /* foto_kikuchi_s.png in Resources */ = {isa = PBXBuildFile; fileRef = 5B01280819E442B90069858A /* foto_kikuchi_s.png */; };
		5B01286819E442B90069858A /* foto_liu_l.png in Resources */ = {isa = PBXBuildFile; fileRef = 5B01280919E442B90069858A /* foto_liu_l.png */; };
		5B01286919E442B90069858A /* foto_liu_s.png in Resources */ = {isa = PBXBuildFile; fileRef = 5B01280A19E442B90069858A /* foto_liu_s.png */; };
		5B01286A19E442B90069858A /* foto_ogata_l.png in Resources */ = {isa = PBXBuildFile; fileRef = 5B01280B19E442B90069858A /* foto_ogata_l.png */; };
		5B01286B19E442B90069858A /* foto_ogata_s.png in Resources */ = {isa = PBXBuildFile; fileRef = 5B01280C19E442B90069858A /* foto_ogata_s.png */; };
		5B01286C19E442B90069858A /* foto_sekaryo_l.png in Resources */ = {isa = PBXBuildFile; fileRef = 5B01280D19E442B90069858A /* foto_sekaryo_l.png */; };
		5B01286D19E442B90069858A /* foto_sekaryo_s.png in Resources */ = {isa = PBXBuildFile; fileRef = 5B01280E19E442B90069858A /* foto_sekaryo_s.png */; };
		5B01286E19E442B90069858A /* foto_tomari_l.png in Resources */ = {isa = PBXBuildFile; fileRef = 5B01280F19E442B90069858A /* foto_tomari_l.png */; };
		5B01286F19E442B90069858A /* foto_tomari_s.png in Resources */ = {isa = PBXBuildFile; fileRef = 5B01281019E442B90069858A /* foto_tomari_s.png */; };
		5B01287019E442B90069858A /* fotoframe_l.png in Resources */ = {isa = PBXBuildFile; fileRef = 5B01281119E442B90069858A /* fotoframe_l.png */; };
		5B01287119E442B90069858A /* fotoframe_r_w.png in Resources */ = {isa = PBXBuildFile; fileRef = 5B01281219E442B90069858A /* fotoframe_r_w.png */; };
		5B01287219E442B90069858A /* fotoframe_r_p.png in Resources */ = {isa = PBXBuildFile; fileRef = 5B01281319E442B90069858A /* fotoframe_r_p.png */; };
		5B01287319E442B90069858A /* fotoframe_r_r.png in Resources */ = {isa = PBXBuildFile; fileRef = 5B01281419E442B90069858A /* fotoframe_r_r.png */; };
		5B01287419E442B90069858A /* fotoframe_r_g.png in Resources */ = {isa = PBXBuildFile; fileRef = 5B01281519E442B90069858A /* fotoframe_r_g.png */; };
		5B01287519E442B90069858A /* fotoframe_r_b.png in Resources */ = {isa = PBXBuildFile; fileRef = 5B01281619E442B90069858A /* fotoframe_r_b.png */; };
		5B01287619E442B90069858A /* fotoframe_r_y.png in Resources */ = {isa = PBXBuildFile; fileRef = 5B01281719E442B90069858A /* fotoframe_r_y.png */; };
		5B01287819E442B90069858A /* indi_mainmenu.png in Resources */ = {isa = PBXBuildFile; fileRef = 5B01281919E442B90069858A /* indi_mainmenu.png */; };
		5B01287919E442B90069858A /* indi_personal_angie.png in Resources */ = {isa = PBXBuildFile; fileRef = 5B01281A19E442B90069858A /* indi_personal_angie.png */; };
		5B01287A19E442B90069858A /* indi_personal_p.png in Resources */ = {isa = PBXBuildFile; fileRef = 5B01281B19E442B90069858A /* indi_personal_p.png */; };
		5B01287B19E442B90069858A /* indi_personal_r.png in Resources */ = {isa = PBXBuildFile; fileRef = 5B01281C19E442B90069858A /* indi_personal_r.png */; };
		5B01287C19E442B90069858A /* indi_personal_g.png in Resources */ = {isa = PBXBuildFile; fileRef = 5B01281D19E442B90069858A /* indi_personal_g.png */; };
		5B01287D19E442B90069858A /* indi_personal_b.png in Resources */ = {isa = PBXBuildFile; fileRef = 5B01281E19E442B90069858A /* indi_personal_b.png */; };
		5B01287E19E442B90069858A /* indi_personal_y.png in Resources */ = {isa = PBXBuildFile; fileRef = 5B01281F19E442B90069858A /* indi_personal_y.png */; };
		5B01287F19E442B90069858A /* indibar_w.png in Resources */ = {isa = PBXBuildFile; fileRef = 5B01282019E442B90069858A /* indibar_w.png */; };
		5B01288019E442B90069858A /* indibar_grey.png in Resources */ = {isa = PBXBuildFile; fileRef = 5B01282119E442B90069858A /* indibar_grey.png */; };
		5B01288119E442B90069858A /* indibar_p.png in Resources */ = {isa = PBXBuildFile; fileRef = 5B01282219E442B90069858A /* indibar_p.png */; };
		5B01288219E442B90069858A /* indibar_r.png in Resources */ = {isa = PBXBuildFile; fileRef = 5B01282319E442B90069858A /* indibar_r.png */; };
		5B01288319E442B90069858A /* indibar_nl_w.png in Resources */ = {isa = PBXBuildFile; fileRef = 5B01282419E442B90069858A /* indibar_nl_w.png */; };
		5B01288419E442B90069858A /* indibar_nl_p.png in Resources */ = {isa = PBXBuildFile; fileRef = 5B01282519E442B90069858A /* indibar_nl_p.png */; };
		5B01288519E442B90069858A /* indibar_nl_r.png in Resources */ = {isa = PBXBuildFile; fileRef = 5B01282619E442B90069858A /* indibar_nl_r.png */; };
		5B01288619E442B90069858A /* indibar_nl_g.png in Resources */ = {isa = PBXBuildFile; fileRef = 5B01282719E442B90069858A /* indibar_nl_g.png */; };
		5B01288719E442B90069858A /* indibar_nl_b.png in Resources */ = {isa = PBXBuildFile; fileRef = 5B01282819E442B90069858A /* indibar_nl_b.png */; };
		5B01288819E442B90069858A /* indibar_nl_y.png in Resources */ = {isa = PBXBuildFile; fileRef = 5B01282919E442B90069858A /* indibar_nl_y.png */; };
		5B01288919E442B90069858A /* indibar_g.png in Resources */ = {isa = PBXBuildFile; fileRef = 5B01282A19E442B90069858A /* indibar_g.png */; };
		5B01288A19E442B90069858A /* indibar_b.png in Resources */ = {isa = PBXBuildFile; fileRef = 5B01282B19E442B90069858A /* indibar_b.png */; };
		5B01288B19E442B90069858A /* indibar_selected.png in Resources */ = {isa = PBXBuildFile; fileRef = 5B01282C19E442B90069858A /* indibar_selected.png */; };
		5B01288C19E442B90069858A /* indibar_y.png in Resources */ = {isa = PBXBuildFile; fileRef = 5B01282D19E442B90069858A /* indibar_y.png */; };
		5B01288D19E442B90069858A /* line_lft.png in Resources */ = {isa = PBXBuildFile; fileRef = 5B01282E19E442B90069858A /* line_lft.png */; };
		5B01288E19E442B90069858A /* line_rt.png in Resources */ = {isa = PBXBuildFile; fileRef = 5B01282F19E442B90069858A /* line_rt.png */; };
		5B01288F19E442B90069858A /* loops_all.png in Resources */ = {isa = PBXBuildFile; fileRef = 5B01283019E442B90069858A /* loops_all.png */; };
		5B01289019E442B90069858A /* loops_l.png in Resources */ = {isa = PBXBuildFile; fileRef = 5B01283119E442B90069858A /* loops_l.png */; };
		5B01289119E442B90069858A /* loops_m.png in Resources */ = {isa = PBXBuildFile; fileRef = 5B01283219E442B90069858A /* loops_m.png */; };
		5B01289219E442B90069858A /* loops_s.png in Resources */ = {isa = PBXBuildFile; fileRef = 5B01283319E442B90069858A /* loops_s.png */; };
		5B01289319E442B90069858A /* moodboard_angie.png in Resources */ = {isa = PBXBuildFile; fileRef = 5B01283419E442B90069858A /* moodboard_angie.png */; };
		5B01289419E442B90069858A /* moodboard_kikuchi.png in Resources */ = {isa = PBXBuildFile; fileRef = 5B01283519E442B90069858A /* moodboard_kikuchi.png */; };
		5B01289519E442B90069858A /* moodboard_liu.png in Resources */ = {isa = PBXBuildFile; fileRef = 5B01283619E442B90069858A /* moodboard_liu.png */; };
		5B01289619E442B90069858A /* moodboard_ogata.png in Resources */ = {isa = PBXBuildFile; fileRef = 5B01283719E442B90069858A /* moodboard_ogata.png */; };
		5B01289719E442B90069858A /* moodboard_sekaryo.png in Resources */ = {isa = PBXBuildFile; fileRef = 5B01283819E442B90069858A /* moodboard_sekaryo.png */; };
		5B01289819E442B90069858A /* moodboard_tomari.png in Resources */ = {isa = PBXBuildFile; fileRef = 5B01283919E442B90069858A /* moodboard_tomari.png */; };
		5B01289919E442B90069858A /* tagcubes_w.png in Resources */ = {isa = PBXBuildFile; fileRef = 5B01283A19E442B90069858A /* tagcubes_w.png */; };
		5B01289A19E442B90069858A /* tagcubes_p.png in Resources */ = {isa = PBXBuildFile; fileRef = 5B01283B19E442B90069858A /* tagcubes_p.png */; };
		5B01289B19E442B90069858A /* tagcubes_r.png in Resources */ = {isa = PBXBuildFile; fileRef = 5B01283C19E442B90069858A /* tagcubes_r.png */; };
		5B01289C19E442B90069858A /* tagcubes_g.png in Resources */ = {isa = PBXBuildFile; fileRef = 5B01283D19E442B90069858A /* tagcubes_g.png */; };
		5B01289D19E442B90069858A /* tagcubes_b.png in Resources */ = {isa = PBXBuildFile; fileRef = 5B01283E19E442B90069858A /* tagcubes_b.png */; };
		5B01289E19E442B90069858A /* tagcubes_y.png in Resources */ = {isa = PBXBuildFile; fileRef = 5B01283F19E442B90069858A /* tagcubes_y.png */; };
		5B01289F19E442B90069858A /* titleframe_big_w.png in Resources */ = {isa = PBXBuildFile; fileRef = 5B01284019E442B90069858A /* titleframe_big_w.png */; };
		5B0128A019E442B90069858A /* titleframe_big_p.png in Resources */ = {isa = PBXBuildFile; fileRef = 5B01284119E442B90069858A /* titleframe_big_p.png */; };
		5B0128A119E442B90069858A /* titleframe_big_r.png in Resources */ = {isa = PBXBuildFile; fileRef = 5B01284219E442B90069858A /* titleframe_big_r.png */; };
		5B0128A219E442B90069858A /* titleframe_big_g.png in Resources */ = {isa = PBXBuildFile; fileRef = 5B01284319E442B90069858A /* titleframe_big_g.png */; };
		5B0128A319E442B90069858A /* titleframe_big_b.png in Resources */ = {isa = PBXBuildFile; fileRef = 5B01284419E442B90069858A /* titleframe_big_b.png */; };
		5B0128A419E442B90069858A /* titleframe_big_y.png in Resources */ = {isa = PBXBuildFile; fileRef = 5B01284519E442B90069858A /* titleframe_big_y.png */; };
		5B0128A519E442B90069858A /* wire_mainmenu.png in Resources */ = {isa = PBXBuildFile; fileRef = 5B01284619E442B90069858A /* wire_mainmenu.png */; };
		5B0128A619E442B90069858A /* wire_names.png in Resources */ = {isa = PBXBuildFile; fileRef = 5B01284719E442B90069858A /* wire_names.png */; };
		5B02FF4419FCE53A00D34A0E /* ProfileViewController.swift in Sources */ = {isa = PBXBuildFile; fileRef = 5B02FF4319FCE53A00D34A0E /* ProfileViewController.swift */; };
		5B2229CF19FE6A50003E219D /* TriangleView.swift in Sources */ = {isa = PBXBuildFile; fileRef = 5B2229CE19FE6A50003E219D /* TriangleView.swift */; };
		5B2229D119FE6EB3003E219D /* RectangleView.swift in Sources */ = {isa = PBXBuildFile; fileRef = 5B2229D019FE6EB3003E219D /* RectangleView.swift */; };
		5B2229D31A00B701003E219D /* MobileCoreServices.framework in Frameworks */ = {isa = PBXBuildFile; fileRef = 5B2229D21A00B701003E219D /* MobileCoreServices.framework */; };
		5B2229D51A00C537003E219D /* MediaPlayer.framework in Frameworks */ = {isa = PBXBuildFile; fileRef = 5B2229D41A00C537003E219D /* MediaPlayer.framework */; };
		5B48989D1A01D9B9009E719C /* AssetsLibrary.framework in Frameworks */ = {isa = PBXBuildFile; fileRef = 5B48989C1A01D9B8009E719C /* AssetsLibrary.framework */; };
/* End PBXBuildFile section */

/* Begin PBXContainerItemProxy section */
		5B0127D519E43EB80069858A /* PBXContainerItemProxy */ = {
			isa = PBXContainerItemProxy;
			containerPortal = 5B0127B419E43EB70069858A /* Project object */;
			proxyType = 1;
			remoteGlobalIDString = 5B0127BB19E43EB70069858A;
			remoteInfo = Infinity_Swift;
		};
/* End PBXContainerItemProxy section */

/* Begin PBXFileReference section */
		5B0127BC19E43EB80069858A /* Infinity_Swift.app */ = {isa = PBXFileReference; explicitFileType = wrapper.application; includeInIndex = 0; path = Infinity_Swift.app; sourceTree = BUILT_PRODUCTS_DIR; };
		5B0127C019E43EB80069858A /* Info.plist */ = {isa = PBXFileReference; lastKnownFileType = text.plist.xml; path = Info.plist; sourceTree = "<group>"; };
		5B0127C119E43EB80069858A /* AppDelegate.swift */ = {isa = PBXFileReference; lastKnownFileType = sourcecode.swift; path = AppDelegate.swift; sourceTree = "<group>"; };
		5B0127C419E43EB80069858A /* Infinity_Swift.xcdatamodel */ = {isa = PBXFileReference; lastKnownFileType = wrapper.xcdatamodel; path = Infinity_Swift.xcdatamodel; sourceTree = "<group>"; };
		5B0127C619E43EB80069858A /* HomeViewController.swift */ = {isa = PBXFileReference; lastKnownFileType = sourcecode.swift; path = HomeViewController.swift; sourceTree = "<group>"; };
		5B0127C919E43EB80069858A /* Base */ = {isa = PBXFileReference; lastKnownFileType = file.storyboard; name = Base; path = Base.lproj/Main.storyboard; sourceTree = "<group>"; };
		5B0127CB19E43EB80069858A /* Images.xcassets */ = {isa = PBXFileReference; lastKnownFileType = folder.assetcatalog; path = Images.xcassets; sourceTree = "<group>"; };
		5B0127CE19E43EB80069858A /* Base */ = {isa = PBXFileReference; lastKnownFileType = file.xib; name = Base; path = Base.lproj/LaunchScreen.xib; sourceTree = "<group>"; };
		5B0127D419E43EB80069858A /* Infinity_SwiftTests.xctest */ = {isa = PBXFileReference; explicitFileType = wrapper.cfbundle; includeInIndex = 0; path = Infinity_SwiftTests.xctest; sourceTree = BUILT_PRODUCTS_DIR; };
		5B0127D919E43EB80069858A /* Info.plist */ = {isa = PBXFileReference; lastKnownFileType = text.plist.xml; path = Info.plist; sourceTree = "<group>"; };
		5B0127DA19E43EB80069858A /* Infinity_SwiftTests.swift */ = {isa = PBXFileReference; lastKnownFileType = sourcecode.swift; path = Infinity_SwiftTests.swift; sourceTree = "<group>"; };
		5B0127E919E442B90069858A /* arrow_hr.png */ = {isa = PBXFileReference; lastKnownFileType = image.png; name = arrow_hr.png; path = Infinity_Swift/arrow_hr.png; sourceTree = "<group>"; };
		5B0127EA19E442B90069858A /* arrow_vr.png */ = {isa = PBXFileReference; lastKnownFileType = image.png; name = arrow_vr.png; path = Infinity_Swift/arrow_vr.png; sourceTree = "<group>"; };
		5B0127EB19E442B90069858A /* bg_profile_angie.png */ = {isa = PBXFileReference; lastKnownFileType = image.png; name = bg_profile_angie.png; path = Infinity_Swift/bg_profile_angie.png; sourceTree = "<group>"; };
		5B0127EC19E442B90069858A /* bg_profile_kikuchi.png */ = {isa = PBXFileReference; lastKnownFileType = image.png; name = bg_profile_kikuchi.png; path = Infinity_Swift/bg_profile_kikuchi.png; sourceTree = "<group>"; };
		5B0127ED19E442B90069858A /* bg_profile_liu.png */ = {isa = PBXFileReference; lastKnownFileType = image.png; name = bg_profile_liu.png; path = Infinity_Swift/bg_profile_liu.png; sourceTree = "<group>"; };
		5B0127EE19E442B90069858A /* bg_profile_ogata.png */ = {isa = PBXFileReference; lastKnownFileType = image.png; name = bg_profile_ogata.png; path = Infinity_Swift/bg_profile_ogata.png; sourceTree = "<group>"; };
		5B0127EF19E442B90069858A /* bg_profile_sekaryo.png */ = {isa = PBXFileReference; lastKnownFileType = image.png; name = bg_profile_sekaryo.png; path = Infinity_Swift/bg_profile_sekaryo.png; sourceTree = "<group>"; };
		5B0127F019E442B90069858A /* bg_profile_tomari.png */ = {isa = PBXFileReference; lastKnownFileType = image.png; name = bg_profile_tomari.png; path = Infinity_Swift/bg_profile_tomari.png; sourceTree = "<group>"; };
		5B0127F119E442B90069858A /* bg.png */ = {isa = PBXFileReference; lastKnownFileType = image.png; name = bg.png; path = Infinity_Swift/bg.png; sourceTree = "<group>"; };
		5B0127F219E442B90069858A /* bt_about.png */ = {isa = PBXFileReference; lastKnownFileType = image.png; name = bt_about.png; path = Infinity_Swift/bt_about.png; sourceTree = "<group>"; };
		5B0127F319E442B90069858A /* bt_back.png */ = {isa = PBXFileReference; lastKnownFileType = image.png; name = bt_back.png; path = Infinity_Swift/bt_back.png; sourceTree = "<group>"; };
		5B0127F419E442B90069858A /* bt_edit.png */ = {isa = PBXFileReference; lastKnownFileType = image.png; name = bt_edit.png; path = Infinity_Swift/bt_edit.png; sourceTree = "<group>"; };
		5B0127F519E442B90069858A /* bt_fotos.png */ = {isa = PBXFileReference; lastKnownFileType = image.png; name = bt_fotos.png; path = Infinity_Swift/bt_fotos.png; sourceTree = "<group>"; };
		5B0127F619E442B90069858A /* bt_menu.png */ = {isa = PBXFileReference; lastKnownFileType = image.png; name = bt_menu.png; path = Infinity_Swift/bt_menu.png; sourceTree = "<group>"; };
		5B0127F719E442B90069858A /* bt_movie.png */ = {isa = PBXFileReference; lastKnownFileType = image.png; name = bt_movie.png; path = Infinity_Swift/bt_movie.png; sourceTree = "<group>"; };
		5B0127F819E442B90069858A /* bt_play.png */ = {isa = PBXFileReference; lastKnownFileType = image.png; name = bt_play.png; path = Infinity_Swift/bt_play.png; sourceTree = "<group>"; };
		5B0127F919E442B90069858A /* bt_playmovie_angie.png */ = {isa = PBXFileReference; lastKnownFileType = image.png; path = bt_playmovie_angie.png; sourceTree = "<group>"; };
		5B0127FA19E442B90069858A /* bt_playmovie_kikuchi.png */ = {isa = PBXFileReference; lastKnownFileType = image.png; path = bt_playmovie_kikuchi.png; sourceTree = "<group>"; };
		5B0127FB19E442B90069858A /* bt_playmovie_liu.png */ = {isa = PBXFileReference; lastKnownFileType = image.png; path = bt_playmovie_liu.png; sourceTree = "<group>"; };
		5B0127FC19E442B90069858A /* bt_playmovie_ogata.png */ = {isa = PBXFileReference; lastKnownFileType = image.png; path = bt_playmovie_ogata.png; sourceTree = "<group>"; };
		5B0127FD19E442B90069858A /* bt_playmovie_sekaryo.png */ = {isa = PBXFileReference; lastKnownFileType = image.png; path = bt_playmovie_sekaryo.png; sourceTree = "<group>"; };
		5B0127FE19E442B90069858A /* bt_playmovie_tomari.png */ = {isa = PBXFileReference; lastKnownFileType = image.png; path = bt_playmovie_tomari.png; sourceTree = "<group>"; };
		5B0127FF19E442B90069858A /* bt_profile.png */ = {isa = PBXFileReference; lastKnownFileType = image.png; name = bt_profile.png; path = Infinity_Swift/bt_profile.png; sourceTree = "<group>"; };
		5B01280019E442B90069858A /* bt_share.png */ = {isa = PBXFileReference; lastKnownFileType = image.png; name = bt_share.png; path = Infinity_Swift/bt_share.png; sourceTree = "<group>"; };
		5B01280119E442B90069858A /* bt_zoom.png */ = {isa = PBXFileReference; lastKnownFileType = image.png; name = bt_zoom.png; path = Infinity_Swift/bt_zoom.png; sourceTree = "<group>"; };
		5B01280219E442B90069858A /* dot_ol.png */ = {isa = PBXFileReference; lastKnownFileType = image.png; name = dot_ol.png; path = Infinity_Swift/dot_ol.png; sourceTree = "<group>"; };
		5B01280319E442B90069858A /* dot_separator.png */ = {isa = PBXFileReference; lastKnownFileType = image.png; name = dot_separator.png; path = Infinity_Swift/dot_separator.png; sourceTree = "<group>"; };
		5B01280419E442B90069858A /* dot_solid.png */ = {isa = PBXFileReference; lastKnownFileType = image.png; name = dot_solid.png; path = Infinity_Swift/dot_solid.png; sourceTree = "<group>"; };
		5B01280519E442B90069858A /* foto_angie_l.png */ = {isa = PBXFileReference; lastKnownFileType = image.png; path = foto_angie_l.png; sourceTree = "<group>"; };
		5B01280619E442B90069858A /* foto_angie_s.png */ = {isa = PBXFileReference; lastKnownFileType = image.png; path = foto_angie_s.png; sourceTree = "<group>"; };
		5B01280719E442B90069858A /* foto_kikuchi_l.png */ = {isa = PBXFileReference; lastKnownFileType = image.png; path = foto_kikuchi_l.png; sourceTree = "<group>"; };
		5B01280819E442B90069858A /* foto_kikuchi_s.png */ = {isa = PBXFileReference; lastKnownFileType = image.png; path = foto_kikuchi_s.png; sourceTree = "<group>"; };
		5B01280919E442B90069858A /* foto_liu_l.png */ = {isa = PBXFileReference; lastKnownFileType = image.png; path = foto_liu_l.png; sourceTree = "<group>"; };
		5B01280A19E442B90069858A /* foto_liu_s.png */ = {isa = PBXFileReference; lastKnownFileType = image.png; path = foto_liu_s.png; sourceTree = "<group>"; };
		5B01280B19E442B90069858A /* foto_ogata_l.png */ = {isa = PBXFileReference; lastKnownFileType = image.png; path = foto_ogata_l.png; sourceTree = "<group>"; };
		5B01280C19E442B90069858A /* foto_ogata_s.png */ = {isa = PBXFileReference; lastKnownFileType = image.png; path = foto_ogata_s.png; sourceTree = "<group>"; };
		5B01280D19E442B90069858A /* foto_sekaryo_l.png */ = {isa = PBXFileReference; lastKnownFileType = image.png; path = foto_sekaryo_l.png; sourceTree = "<group>"; };
		5B01280E19E442B90069858A /* foto_sekaryo_s.png */ = {isa = PBXFileReference; lastKnownFileType = image.png; path = foto_sekaryo_s.png; sourceTree = "<group>"; };
		5B01280F19E442B90069858A /* foto_tomari_l.png */ = {isa = PBXFileReference; lastKnownFileType = image.png; path = foto_tomari_l.png; sourceTree = "<group>"; };
		5B01281019E442B90069858A /* foto_tomari_s.png */ = {isa = PBXFileReference; lastKnownFileType = image.png; path = foto_tomari_s.png; sourceTree = "<group>"; };
		5B01281119E442B90069858A /* fotoframe_l.png */ = {isa = PBXFileReference; lastKnownFileType = image.png; name = fotoframe_l.png; path = Infinity_Swift/fotoframe_l.png; sourceTree = "<group>"; };
		5B01281219E442B90069858A /* fotoframe_r_w.png */ = {isa = PBXFileReference; lastKnownFileType = image.png; name = fotoframe_r_w.png; path = Infinity_Swift/fotoframe_r_w.png; sourceTree = "<group>"; };
		5B01281319E442B90069858A /* fotoframe_r_p.png */ = {isa = PBXFileReference; lastKnownFileType = image.png; name = fotoframe_r_p.png; path = Infinity_Swift/fotoframe_r_p.png; sourceTree = "<group>"; };
		5B01281419E442B90069858A /* fotoframe_r_r.png */ = {isa = PBXFileReference; lastKnownFileType = image.png; name = fotoframe_r_r.png; path = Infinity_Swift/fotoframe_r_r.png; sourceTree = "<group>"; };
		5B01281519E442B90069858A /* fotoframe_r_g.png */ = {isa = PBXFileReference; lastKnownFileType = image.png; name = fotoframe_r_g.png; path = Infinity_Swift/fotoframe_r_g.png; sourceTree = "<group>"; };
		5B01281619E442B90069858A /* fotoframe_r_b.png */ = {isa = PBXFileReference; lastKnownFileType = image.png; name = fotoframe_r_b.png; path = Infinity_Swift/fotoframe_r_b.png; sourceTree = "<group>"; };
		5B01281719E442B90069858A /* fotoframe_r_y.png */ = {isa = PBXFileReference; lastKnownFileType = image.png; name = fotoframe_r_y.png; path = Infinity_Swift/fotoframe_r_y.png; sourceTree = "<group>"; };
		5B01281919E442B90069858A /* indi_mainmenu.png */ = {isa = PBXFileReference; lastKnownFileType = image.png; name = indi_mainmenu.png; path = Infinity_Swift/indi_mainmenu.png; sourceTree = "<group>"; };
		5B01281A19E442B90069858A /* indi_personal_angie.png */ = {isa = PBXFileReference; lastKnownFileType = image.png; name = indi_personal_angie.png; path = Infinity_Swift/indi_personal_angie.png; sourceTree = "<group>"; };
		5B01281B19E442B90069858A /* indi_personal_p.png */ = {isa = PBXFileReference; lastKnownFileType = image.png; name = indi_personal_p.png; path = Infinity_Swift/indi_personal_p.png; sourceTree = "<group>"; };
		5B01281C19E442B90069858A /* indi_personal_r.png */ = {isa = PBXFileReference; lastKnownFileType = image.png; name = indi_personal_r.png; path = Infinity_Swift/indi_personal_r.png; sourceTree = "<group>"; };
		5B01281D19E442B90069858A /* indi_personal_g.png */ = {isa = PBXFileReference; lastKnownFileType = image.png; name = indi_personal_g.png; path = Infinity_Swift/indi_personal_g.png; sourceTree = "<group>"; };
		5B01281E19E442B90069858A /* indi_personal_b.png */ = {isa = PBXFileReference; lastKnownFileType = image.png; name = indi_personal_b.png; path = Infinity_Swift/indi_personal_b.png; sourceTree = "<group>"; };
		5B01281F19E442B90069858A /* indi_personal_y.png */ = {isa = PBXFileReference; lastKnownFileType = image.png; name = indi_personal_y.png; path = Infinity_Swift/indi_personal_y.png; sourceTree = "<group>"; };
		5B01282019E442B90069858A /* indibar_w.png */ = {isa = PBXFileReference; lastKnownFileType = image.png; name = indibar_w.png; path = Infinity_Swift/indibar_w.png; sourceTree = "<group>"; };
		5B01282119E442B90069858A /* indibar_grey.png */ = {isa = PBXFileReference; lastKnownFileType = image.png; name = indibar_grey.png; path = Infinity_Swift/indibar_grey.png; sourceTree = "<group>"; };
		5B01282219E442B90069858A /* indibar_p.png */ = {isa = PBXFileReference; lastKnownFileType = image.png; name = indibar_p.png; path = Infinity_Swift/indibar_p.png; sourceTree = "<group>"; };
		5B01282319E442B90069858A /* indibar_r.png */ = {isa = PBXFileReference; lastKnownFileType = image.png; name = indibar_r.png; path = Infinity_Swift/indibar_r.png; sourceTree = "<group>"; };
		5B01282419E442B90069858A /* indibar_nl_w.png */ = {isa = PBXFileReference; lastKnownFileType = image.png; name = indibar_nl_w.png; path = Infinity_Swift/indibar_nl_w.png; sourceTree = "<group>"; };
		5B01282519E442B90069858A /* indibar_nl_p.png */ = {isa = PBXFileReference; lastKnownFileType = image.png; name = indibar_nl_p.png; path = Infinity_Swift/indibar_nl_p.png; sourceTree = "<group>"; };
		5B01282619E442B90069858A /* indibar_nl_r.png */ = {isa = PBXFileReference; lastKnownFileType = image.png; name = indibar_nl_r.png; path = Infinity_Swift/indibar_nl_r.png; sourceTree = "<group>"; };
		5B01282719E442B90069858A /* indibar_nl_g.png */ = {isa = PBXFileReference; lastKnownFileType = image.png; name = indibar_nl_g.png; path = Infinity_Swift/indibar_nl_g.png; sourceTree = "<group>"; };
		5B01282819E442B90069858A /* indibar_nl_b.png */ = {isa = PBXFileReference; lastKnownFileType = image.png; name = indibar_nl_b.png; path = Infinity_Swift/indibar_nl_b.png; sourceTree = "<group>"; };
		5B01282919E442B90069858A /* indibar_nl_y.png */ = {isa = PBXFileReference; lastKnownFileType = image.png; name = indibar_nl_y.png; path = Infinity_Swift/indibar_nl_y.png; sourceTree = "<group>"; };
		5B01282A19E442B90069858A /* indibar_g.png */ = {isa = PBXFileReference; lastKnownFileType = image.png; name = indibar_g.png; path = Infinity_Swift/indibar_g.png; sourceTree = "<group>"; };
		5B01282B19E442B90069858A /* indibar_b.png */ = {isa = PBXFileReference; lastKnownFileType = image.png; name = indibar_b.png; path = Infinity_Swift/indibar_b.png; sourceTree = "<group>"; };
		5B01282C19E442B90069858A /* indibar_selected.png */ = {isa = PBXFileReference; lastKnownFileType = image.png; name = indibar_selected.png; path = Infinity_Swift/indibar_selected.png; sourceTree = "<group>"; };
		5B01282D19E442B90069858A /* indibar_y.png */ = {isa = PBXFileReference; lastKnownFileType = image.png; name = indibar_y.png; path = Infinity_Swift/indibar_y.png; sourceTree = "<group>"; };
		5B01282E19E442B90069858A /* line_lft.png */ = {isa = PBXFileReference; lastKnownFileType = image.png; name = line_lft.png; path = Infinity_Swift/line_lft.png; sourceTree = "<group>"; };
		5B01282F19E442B90069858A /* line_rt.png */ = {isa = PBXFileReference; lastKnownFileType = image.png; name = line_rt.png; path = Infinity_Swift/line_rt.png; sourceTree = "<group>"; };
		5B01283019E442B90069858A /* loops_all.png */ = {isa = PBXFileReference; lastKnownFileType = image.png; name = loops_all.png; path = Infinity_Swift/loops_all.png; sourceTree = "<group>"; };
		5B01283119E442B90069858A /* loops_l.png */ = {isa = PBXFileReference; lastKnownFileType = image.png; name = loops_l.png; path = Infinity_Swift/loops_l.png; sourceTree = "<group>"; };
		5B01283219E442B90069858A /* loops_m.png */ = {isa = PBXFileReference; lastKnownFileType = image.png; name = loops_m.png; path = Infinity_Swift/loops_m.png; sourceTree = "<group>"; };
		5B01283319E442B90069858A /* loops_s.png */ = {isa = PBXFileReference; lastKnownFileType = image.png; name = loops_s.png; path = Infinity_Swift/loops_s.png; sourceTree = "<group>"; };
		5B01283419E442B90069858A /* moodboard_angie.png */ = {isa = PBXFileReference; lastKnownFileType = image.png; path = moodboard_angie.png; sourceTree = "<group>"; };
		5B01283519E442B90069858A /* moodboard_kikuchi.png */ = {isa = PBXFileReference; lastKnownFileType = image.png; path = moodboard_kikuchi.png; sourceTree = "<group>"; };
		5B01283619E442B90069858A /* moodboard_liu.png */ = {isa = PBXFileReference; lastKnownFileType = image.png; path = moodboard_liu.png; sourceTree = "<group>"; };
		5B01283719E442B90069858A /* moodboard_ogata.png */ = {isa = PBXFileReference; lastKnownFileType = image.png; path = moodboard_ogata.png; sourceTree = "<group>"; };
		5B01283819E442B90069858A /* moodboard_sekaryo.png */ = {isa = PBXFileReference; lastKnownFileType = image.png; path = moodboard_sekaryo.png; sourceTree = "<group>"; };
		5B01283919E442B90069858A /* moodboard_tomari.png */ = {isa = PBXFileReference; lastKnownFileType = image.png; path = moodboard_tomari.png; sourceTree = "<group>"; };
		5B01283A19E442B90069858A /* tagcubes_w.png */ = {isa = PBXFileReference; lastKnownFileType = image.png; name = tagcubes_w.png; path = Infinity_Swift/tagcubes_w.png; sourceTree = "<group>"; };
		5B01283B19E442B90069858A /* tagcubes_p.png */ = {isa = PBXFileReference; lastKnownFileType = image.png; name = tagcubes_p.png; path = Infinity_Swift/tagcubes_p.png; sourceTree = "<group>"; };
		5B01283C19E442B90069858A /* tagcubes_r.png */ = {isa = PBXFileReference; lastKnownFileType = image.png; name = tagcubes_r.png; path = Infinity_Swift/tagcubes_r.png; sourceTree = "<group>"; };
		5B01283D19E442B90069858A /* tagcubes_g.png */ = {isa = PBXFileReference; lastKnownFileType = image.png; name = tagcubes_g.png; path = Infinity_Swift/tagcubes_g.png; sourceTree = "<group>"; };
		5B01283E19E442B90069858A /* tagcubes_b.png */ = {isa = PBXFileReference; lastKnownFileType = image.png; name = tagcubes_b.png; path = Infinity_Swift/tagcubes_b.png; sourceTree = "<group>"; };
		5B01283F19E442B90069858A /* tagcubes_y.png */ = {isa = PBXFileReference; lastKnownFileType = image.png; name = tagcubes_y.png; path = Infinity_Swift/tagcubes_y.png; sourceTree = "<group>"; };
		5B01284019E442B90069858A /* titleframe_big_w.png */ = {isa = PBXFileReference; lastKnownFileType = image.png; name = titleframe_big_w.png; path = Infinity_Swift/titleframe_big_w.png; sourceTree = "<group>"; };
		5B01284119E442B90069858A /* titleframe_big_p.png */ = {isa = PBXFileReference; lastKnownFileType = image.png; name = titleframe_big_p.png; path = Infinity_Swift/titleframe_big_p.png; sourceTree = "<group>"; };
		5B01284219E442B90069858A /* titleframe_big_r.png */ = {isa = PBXFileReference; lastKnownFileType = image.png; name = titleframe_big_r.png; path = Infinity_Swift/titleframe_big_r.png; sourceTree = "<group>"; };
		5B01284319E442B90069858A /* titleframe_big_g.png */ = {isa = PBXFileReference; lastKnownFileType = image.png; name = titleframe_big_g.png; path = Infinity_Swift/titleframe_big_g.png; sourceTree = "<group>"; };
		5B01284419E442B90069858A /* titleframe_big_b.png */ = {isa = PBXFileReference; lastKnownFileType = image.png; name = titleframe_big_b.png; path = Infinity_Swift/titleframe_big_b.png; sourceTree = "<group>"; };
		5B01284519E442B90069858A /* titleframe_big_y.png */ = {isa = PBXFileReference; lastKnownFileType = image.png; name = titleframe_big_y.png; path = Infinity_Swift/titleframe_big_y.png; sourceTree = "<group>"; };
		5B01284619E442B90069858A /* wire_mainmenu.png */ = {isa = PBXFileReference; lastKnownFileType = image.png; name = wire_mainmenu.png; path = Infinity_Swift/wire_mainmenu.png; sourceTree = "<group>"; };
		5B01284719E442B90069858A /* wire_names.png */ = {isa = PBXFileReference; lastKnownFileType = image.png; name = wire_names.png; path = Infinity_Swift/wire_names.png; sourceTree = "<group>"; };
		5B0128A719E442E30069858A /* DIN-Light.otf */ = {isa = PBXFileReference; lastKnownFileType = file; path = "DIN-Light.otf"; sourceTree = "<group>"; };
		5B0128A819E442E30069858A /* NettoOT-Bold 2.otf */ = {isa = PBXFileReference; lastKnownFileType = file; path = "NettoOT-Bold 2.otf"; sourceTree = "<group>"; };
		5B0128A919E442E30069858A /* NettoOT-Bold.otf */ = {isa = PBXFileReference; lastKnownFileType = file; path = "NettoOT-Bold.otf"; sourceTree = "<group>"; };
		5B02FF4319FCE53A00D34A0E /* ProfileViewController.swift */ = {isa = PBXFileReference; fileEncoding = 4; lastKnownFileType = sourcecode.swift; path = ProfileViewController.swift; sourceTree = "<group>"; };
		5B2229CE19FE6A50003E219D /* TriangleView.swift */ = {isa = PBXFileReference; fileEncoding = 4; lastKnownFileType = sourcecode.swift; path = TriangleView.swift; sourceTree = "<group>"; };
		5B2229D019FE6EB3003E219D /* RectangleView.swift */ = {isa = PBXFileReference; fileEncoding = 4; lastKnownFileType = sourcecode.swift; path = RectangleView.swift; sourceTree = "<group>"; };
		5B2229D21A00B701003E219D /* MobileCoreServices.framework */ = {isa = PBXFileReference; lastKnownFileType = wrapper.framework; name = MobileCoreServices.framework; path = System/Library/Frameworks/MobileCoreServices.framework; sourceTree = SDKROOT; };
		5B2229D41A00C537003E219D /* MediaPlayer.framework */ = {isa = PBXFileReference; lastKnownFileType = wrapper.framework; name = MediaPlayer.framework; path = System/Library/Frameworks/MediaPlayer.framework; sourceTree = SDKROOT; };
		5B48989C1A01D9B8009E719C /* AssetsLibrary.framework */ = {isa = PBXFileReference; lastKnownFileType = wrapper.framework; name = AssetsLibrary.framework; path = System/Library/Frameworks/AssetsLibrary.framework; sourceTree = SDKROOT; };
/* End PBXFileReference section */

/* Begin PBXFrameworksBuildPhase section */
		5B0127B919E43EB70069858A /* Frameworks */ = {
			isa = PBXFrameworksBuildPhase;
			buildActionMask = 2147483647;
			files = (
				5B48989D1A01D9B9009E719C /* AssetsLibrary.framework in Frameworks */,
				5B2229D51A00C537003E219D /* MediaPlayer.framework in Frameworks */,
				5B2229D31A00B701003E219D /* MobileCoreServices.framework in Frameworks */,
			);
			runOnlyForDeploymentPostprocessing = 0;
		};
		5B0127D119E43EB80069858A /* Frameworks */ = {
			isa = PBXFrameworksBuildPhase;
			buildActionMask = 2147483647;
			files = (
			);
			runOnlyForDeploymentPostprocessing = 0;
		};
/* End PBXFrameworksBuildPhase section */

/* Begin PBXGroup section */
		5B0127B319E43EB70069858A = {
			isa = PBXGroup;
			children = (
				5B0127BE19E43EB80069858A /* Infinity_Swift */,
				5B0127D719E43EB80069858A /* Infinity_SwiftTests */,
				5B0127BD19E43EB80069858A /* Products */,
			);
			sourceTree = "<group>";
		};
		5B0127BD19E43EB80069858A /* Products */ = {
			isa = PBXGroup;
			children = (
				5B0127BC19E43EB80069858A /* Infinity_Swift.app */,
				5B0127D419E43EB80069858A /* Infinity_SwiftTests.xctest */,
			);
			name = Products;
			sourceTree = "<group>";
		};
		5B0127BE19E43EB80069858A /* Infinity_Swift */ = {
			isa = PBXGroup;
			children = (
				5B2CE94119ED230E00E69ECA /* test_image */,
				5B0128AA19E443350069858A /* controllers */,
				5B0127E719E442890069858A /* fonts */,
				5B0127E819E442930069858A /* movies */,
				5B0127E419E442250069858A /* images */,
				5B0127C819E43EB80069858A /* Main.storyboard */,
				5B0127CB19E43EB80069858A /* Images.xcassets */,
				5B0127CD19E43EB80069858A /* LaunchScreen.xib */,
				5B0127C319E43EB80069858A /* Infinity_Swift.xcdatamodeld */,
				5B0127BF19E43EB80069858A /* Supporting Files */,
			);
			path = Infinity_Swift;
			sourceTree = "<group>";
		};
		5B0127BF19E43EB80069858A /* Supporting Files */ = {
			isa = PBXGroup;
			children = (
				5B48989C1A01D9B8009E719C /* AssetsLibrary.framework */,
				5B2229D41A00C537003E219D /* MediaPlayer.framework */,
				5B2229D21A00B701003E219D /* MobileCoreServices.framework */,
				5B0127C019E43EB80069858A /* Info.plist */,
			);
			name = "Supporting Files";
			sourceTree = "<group>";
		};
		5B0127D719E43EB80069858A /* Infinity_SwiftTests */ = {
			isa = PBXGroup;
			children = (
				5B0127DA19E43EB80069858A /* Infinity_SwiftTests.swift */,
				5B0127D819E43EB80069858A /* Supporting Files */,
			);
			path = Infinity_SwiftTests;
			sourceTree = "<group>";
		};
		5B0127D819E43EB80069858A /* Supporting Files */ = {
			isa = PBXGroup;
			children = (
				5B0127D919E43EB80069858A /* Info.plist */,
			);
			name = "Supporting Files";
			sourceTree = "<group>";
		};
		5B0127E419E442250069858A /* images */ = {
			isa = PBXGroup;
			children = (
				5B0127E919E442B90069858A /* arrow_hr.png */,
				5B0127EA19E442B90069858A /* arrow_vr.png */,
				5B0127EB19E442B90069858A /* bg_profile_angie.png */,
				5B0127EC19E442B90069858A /* bg_profile_kikuchi.png */,
				5B0127ED19E442B90069858A /* bg_profile_liu.png */,
				5B0127EE19E442B90069858A /* bg_profile_ogata.png */,
				5B0127EF19E442B90069858A /* bg_profile_sekaryo.png */,
				5B0127F019E442B90069858A /* bg_profile_tomari.png */,
				5B0127F119E442B90069858A /* bg.png */,
				5B0127F219E442B90069858A /* bt_about.png */,
				5B0127F319E442B90069858A /* bt_back.png */,
				5B0127F419E442B90069858A /* bt_edit.png */,
				5B0127F519E442B90069858A /* bt_fotos.png */,
				5B0127F619E442B90069858A /* bt_menu.png */,
				5B0127F719E442B90069858A /* bt_movie.png */,
				5B0127F819E442B90069858A /* bt_play.png */,
				5B0127FF19E442B90069858A /* bt_profile.png */,
				5B01280019E442B90069858A /* bt_share.png */,
				5B01280119E442B90069858A /* bt_zoom.png */,
				5B01280219E442B90069858A /* dot_ol.png */,
				5B01280319E442B90069858A /* dot_separator.png */,
				5B01280419E442B90069858A /* dot_solid.png */,
				5B01281119E442B90069858A /* fotoframe_l.png */,
				5B01281219E442B90069858A /* fotoframe_r_w.png */,
				5B01281319E442B90069858A /* fotoframe_r_p.png */,
				5B01281419E442B90069858A /* fotoframe_r_r.png */,
				5B01281519E442B90069858A /* fotoframe_r_g.png */,
				5B01281619E442B90069858A /* fotoframe_r_b.png */,
				5B01281719E442B90069858A /* fotoframe_r_y.png */,
				5B01281919E442B90069858A /* indi_mainmenu.png */,
				5B01281A19E442B90069858A /* indi_personal_angie.png */,
				5B01281B19E442B90069858A /* indi_personal_p.png */,
				5B01281C19E442B90069858A /* indi_personal_r.png */,
				5B01281D19E442B90069858A /* indi_personal_g.png */,
				5B01281E19E442B90069858A /* indi_personal_b.png */,
				5B01281F19E442B90069858A /* indi_personal_y.png */,
				5B01282019E442B90069858A /* indibar_w.png */,
				5B01282119E442B90069858A /* indibar_grey.png */,
				5B01282219E442B90069858A /* indibar_p.png */,
				5B01282319E442B90069858A /* indibar_r.png */,
				5B01282419E442B90069858A /* indibar_nl_w.png */,
				5B01282519E442B90069858A /* indibar_nl_p.png */,
				5B01282619E442B90069858A /* indibar_nl_r.png */,
				5B01282719E442B90069858A /* indibar_nl_g.png */,
				5B01282819E442B90069858A /* indibar_nl_b.png */,
				5B01282919E442B90069858A /* indibar_nl_y.png */,
				5B01282A19E442B90069858A /* indibar_g.png */,
				5B01282B19E442B90069858A /* indibar_b.png */,
				5B01282C19E442B90069858A /* indibar_selected.png */,
				5B01282D19E442B90069858A /* indibar_y.png */,
				5B01282E19E442B90069858A /* line_lft.png */,
				5B01282F19E442B90069858A /* line_rt.png */,
				5B01283019E442B90069858A /* loops_all.png */,
				5B01283119E442B90069858A /* loops_l.png */,
				5B01283219E442B90069858A /* loops_m.png */,
				5B01283319E442B90069858A /* loops_s.png */,
				5B01283A19E442B90069858A /* tagcubes_w.png */,
				5B01283B19E442B90069858A /* tagcubes_p.png */,
				5B01283C19E442B90069858A /* tagcubes_r.png */,
				5B01283D19E442B90069858A /* tagcubes_g.png */,
				5B01283E19E442B90069858A /* tagcubes_b.png */,
				5B01283F19E442B90069858A /* tagcubes_y.png */,
				5B01284019E442B90069858A /* titleframe_big_w.png */,
				5B01284119E442B90069858A /* titleframe_big_p.png */,
				5B01284219E442B90069858A /* titleframe_big_r.png */,
				5B01284319E442B90069858A /* titleframe_big_g.png */,
				5B01284419E442B90069858A /* titleframe_big_b.png */,
				5B01284519E442B90069858A /* titleframe_big_y.png */,
				5B01284619E442B90069858A /* wire_mainmenu.png */,
				5B01284719E442B90069858A /* wire_names.png */,
			);
			name = images;
			path = ..;
			sourceTree = "<group>";
		};
		5B0127E719E442890069858A /* fonts */ = {
			isa = PBXGroup;
			children = (
				5B0128A719E442E30069858A /* DIN-Light.otf */,
				5B0128A819E442E30069858A /* NettoOT-Bold 2.otf */,
				5B0128A919E442E30069858A /* NettoOT-Bold.otf */,
			);
			name = fonts;
			sourceTree = "<group>";
		};
		5B0127E819E442930069858A /* movies */ = {
			isa = PBXGroup;
			children = (
			);
			name = movies;
			sourceTree = "<group>";
		};
		5B0128AA19E443350069858A /* controllers */ = {
			isa = PBXGroup;
			children = (
				5B02FF4219FCE52300D34A0E /* Profile */,
				5B0128AC19E4436D0069858A /* home */,
				5B0128AB19E443650069858A /* App */,
			);
			name = controllers;
			sourceTree = "<group>";
		};
		5B0128AB19E443650069858A /* App */ = {
			isa = PBXGroup;
			children = (
				5B0127C119E43EB80069858A /* AppDelegate.swift */,
			);
			name = App;
			sourceTree = "<group>";
		};
		5B0128AC19E4436D0069858A /* home */ = {
			isa = PBXGroup;
			children = (
				5B0127C619E43EB80069858A /* HomeViewController.swift */,
			);
			name = home;
			sourceTree = "<group>";
		};
		5B02FF4219FCE52300D34A0E /* Profile */ = {
			isa = PBXGroup;
			children = (
				5B02FF4319FCE53A00D34A0E /* ProfileViewController.swift */,
				5B2229CE19FE6A50003E219D /* TriangleView.swift */,
				5B2229D019FE6EB3003E219D /* RectangleView.swift */,
			);
			name = Profile;
			sourceTree = "<group>";
		};
		5B2CE94119ED230E00E69ECA /* test_image */ = {
			isa = PBXGroup;
			children = (
				5B01283419E442B90069858A /* moodboard_angie.png */,
				5B01283519E442B90069858A /* moodboard_kikuchi.png */,
				5B01283619E442B90069858A /* moodboard_liu.png */,
				5B01283719E442B90069858A /* moodboard_ogata.png */,
				5B01283819E442B90069858A /* moodboard_sekaryo.png */,
				5B01283919E442B90069858A /* moodboard_tomari.png */,
				5B0127F919E442B90069858A /* bt_playmovie_angie.png */,
				5B0127FA19E442B90069858A /* bt_playmovie_kikuchi.png */,
				5B0127FB19E442B90069858A /* bt_playmovie_liu.png */,
				5B01280519E442B90069858A /* foto_angie_l.png */,
				5B01280619E442B90069858A /* foto_angie_s.png */,
				5B01280719E442B90069858A /* foto_kikuchi_l.png */,
				5B01280819E442B90069858A /* foto_kikuchi_s.png */,
				5B01280919E442B90069858A /* foto_liu_l.png */,
				5B01280A19E442B90069858A /* foto_liu_s.png */,
				5B01280B19E442B90069858A /* foto_ogata_l.png */,
				5B01280C19E442B90069858A /* foto_ogata_s.png */,
				5B01280D19E442B90069858A /* foto_sekaryo_l.png */,
				5B01280E19E442B90069858A /* foto_sekaryo_s.png */,
				5B01280F19E442B90069858A /* foto_tomari_l.png */,
				5B01281019E442B90069858A /* foto_tomari_s.png */,
				5B0127FC19E442B90069858A /* bt_playmovie_ogata.png */,
				5B0127FD19E442B90069858A /* bt_playmovie_sekaryo.png */,
				5B0127FE19E442B90069858A /* bt_playmovie_tomari.png */,
			);
			name = test_image;
			sourceTree = "<group>";
		};
/* End PBXGroup section */

/* Begin PBXNativeTarget section */
		5B0127BB19E43EB70069858A /* Infinity_Swift */ = {
			isa = PBXNativeTarget;
			buildConfigurationList = 5B0127DE19E43EB80069858A /* Build configuration list for PBXNativeTarget "Infinity_Swift" */;
			buildPhases = (
				5B0127B819E43EB70069858A /* Sources */,
				5B0127B919E43EB70069858A /* Frameworks */,
				5B0127BA19E43EB70069858A /* Resources */,
			);
			buildRules = (
			);
			dependencies = (
			);
			name = Infinity_Swift;
			productName = Infinity_Swift;
			productReference = 5B0127BC19E43EB80069858A /* Infinity_Swift.app */;
			productType = "com.apple.product-type.application";
		};
		5B0127D319E43EB80069858A /* Infinity_SwiftTests */ = {
			isa = PBXNativeTarget;
			buildConfigurationList = 5B0127E119E43EB80069858A /* Build configuration list for PBXNativeTarget "Infinity_SwiftTests" */;
			buildPhases = (
				5B0127D019E43EB80069858A /* Sources */,
				5B0127D119E43EB80069858A /* Frameworks */,
				5B0127D219E43EB80069858A /* Resources */,
			);
			buildRules = (
			);
			dependencies = (
				5B0127D619E43EB80069858A /* PBXTargetDependency */,
			);
			name = Infinity_SwiftTests;
			productName = Infinity_SwiftTests;
			productReference = 5B0127D419E43EB80069858A /* Infinity_SwiftTests.xctest */;
			productType = "com.apple.product-type.bundle.unit-test";
		};
/* End PBXNativeTarget section */

/* Begin PBXProject section */
		5B0127B419E43EB70069858A /* Project object */ = {
			isa = PBXProject;
			attributes = {
				LastUpgradeCheck = 0600;
				ORGANIZATIONNAME = pxp_ss;
				TargetAttributes = {
					5B0127BB19E43EB70069858A = {
						CreatedOnToolsVersion = 6.0.1;
						DevelopmentTeam = E585BF6T3J;
					};
					5B0127D319E43EB80069858A = {
						CreatedOnToolsVersion = 6.0.1;
						TestTargetID = 5B0127BB19E43EB70069858A;
					};
				};
			};
			buildConfigurationList = 5B0127B719E43EB70069858A /* Build configuration list for PBXProject "Infinity_Swift" */;
			compatibilityVersion = "Xcode 3.2";
			developmentRegion = English;
			hasScannedForEncodings = 0;
			knownRegions = (
				en,
				Base,
			);
			mainGroup = 5B0127B319E43EB70069858A;
			productRefGroup = 5B0127BD19E43EB80069858A /* Products */;
			projectDirPath = "";
			projectRoot = "";
			targets = (
				5B0127BB19E43EB70069858A /* Infinity_Swift */,
				5B0127D319E43EB80069858A /* Infinity_SwiftTests */,
			);
		};
/* End PBXProject section */

/* Begin PBXResourcesBuildPhase section */
		5B0127BA19E43EB70069858A /* Resources */ = {
			isa = PBXResourcesBuildPhase;
			buildActionMask = 2147483647;
			files = (
				5B01289619E442B90069858A /* moodboard_ogata.png in Resources */,
				5B01284919E442B90069858A /* arrow_vr.png in Resources */,
				5B01286619E442B90069858A /* foto_kikuchi_l.png in Resources */,
				5B01284A19E442B90069858A /* bg_profile_angie.png in Resources */,
				5B01287219E442B90069858A /* fotoframe_r_p.png in Resources */,
				5B01289819E442B90069858A /* moodboard_tomari.png in Resources */,
				5B01289A19E442B90069858A /* tagcubes_p.png in Resources */,
				5B01285519E442B90069858A /* bt_menu.png in Resources */,
				5B01289219E442B90069858A /* loops_s.png in Resources */,
				5B01289419E442B90069858A /* moodboard_kikuchi.png in Resources */,
				5B01288319E442B90069858A /* indibar_nl_w.png in Resources */,
				5B01286B19E442B90069858A /* foto_ogata_s.png in Resources */,
				5B01289B19E442B90069858A /* tagcubes_r.png in Resources */,
				5B01289319E442B90069858A /* moodboard_angie.png in Resources */,
				5B01287519E442B90069858A /* fotoframe_r_b.png in Resources */,
				5B01286119E442B90069858A /* dot_ol.png in Resources */,
				5B01287D19E442B90069858A /* indi_personal_b.png in Resources */,
				5B01287419E442B90069858A /* fotoframe_r_g.png in Resources */,
				5B01285019E442B90069858A /* bg.png in Resources */,
				5B01288A19E442B90069858A /* indibar_b.png in Resources */,
				5B01287B19E442B90069858A /* indi_personal_r.png in Resources */,
				5B0128A419E442B90069858A /* titleframe_big_y.png in Resources */,
				5B01286719E442B90069858A /* foto_kikuchi_s.png in Resources */,
				5B01289919E442B90069858A /* tagcubes_w.png in Resources */,
				5B01287019E442B90069858A /* fotoframe_l.png in Resources */,
				5B01288019E442B90069858A /* indibar_grey.png in Resources */,
				5B01286A19E442B90069858A /* foto_ogata_l.png in Resources */,
				5B0127CA19E43EB80069858A /* Main.storyboard in Resources */,
				5B01287319E442B90069858A /* fotoframe_r_r.png in Resources */,
				5B0128A619E442B90069858A /* wire_names.png in Resources */,
				5B01284F19E442B90069858A /* bg_profile_tomari.png in Resources */,
				5B01286519E442B90069858A /* foto_angie_s.png in Resources */,
				5B01289C19E442B90069858A /* tagcubes_g.png in Resources */,
				5B01285119E442B90069858A /* bt_about.png in Resources */,
				5B01289D19E442B90069858A /* tagcubes_b.png in Resources */,
				5B01286C19E442B90069858A /* foto_sekaryo_l.png in Resources */,
				5B01285819E442B90069858A /* bt_playmovie_angie.png in Resources */,
				5B01286419E442B90069858A /* foto_angie_l.png in Resources */,
				5B0128A519E442B90069858A /* wire_mainmenu.png in Resources */,
				5B01288919E442B90069858A /* indibar_g.png in Resources */,
				5B01288819E442B90069858A /* indibar_nl_y.png in Resources */,
				5B01287819E442B90069858A /* indi_mainmenu.png in Resources */,
				5B01285F19E442B90069858A /* bt_share.png in Resources */,
				5B01284D19E442B90069858A /* bg_profile_ogata.png in Resources */,
				5B01285A19E442B90069858A /* bt_playmovie_liu.png in Resources */,
				5B01285D19E442B90069858A /* bt_playmovie_tomari.png in Resources */,
				5B01286819E442B90069858A /* foto_liu_l.png in Resources */,
				5B0128A219E442B90069858A /* titleframe_big_g.png in Resources */,
				5B01288F19E442B90069858A /* loops_all.png in Resources */,
				5B0127CF19E43EB80069858A /* LaunchScreen.xib in Resources */,
				5B01287919E442B90069858A /* indi_personal_angie.png in Resources */,
				5B01285C19E442B90069858A /* bt_playmovie_sekaryo.png in Resources */,
				5B01289019E442B90069858A /* loops_l.png in Resources */,
				5B01288419E442B90069858A /* indibar_nl_p.png in Resources */,
				5B01285219E442B90069858A /* bt_back.png in Resources */,
				5B0128A319E442B90069858A /* titleframe_big_b.png in Resources */,
				5B0127CC19E43EB80069858A /* Images.xcassets in Resources */,
				5B01286919E442B90069858A /* foto_liu_s.png in Resources */,
				5B01286F19E442B90069858A /* foto_tomari_s.png in Resources */,
				5B0128A019E442B90069858A /* titleframe_big_p.png in Resources */,
				5B01286219E442B90069858A /* dot_separator.png in Resources */,
				5B01285319E442B90069858A /* bt_edit.png in Resources */,
				5B01287F19E442B90069858A /* indibar_w.png in Resources */,
				5B01285719E442B90069858A /* bt_play.png in Resources */,
				5B01288D19E442B90069858A /* line_lft.png in Resources */,
				5B01284B19E442B90069858A /* bg_profile_kikuchi.png in Resources */,
				5B01284819E442B90069858A /* arrow_hr.png in Resources */,
				5B01286019E442B90069858A /* bt_zoom.png in Resources */,
				5B01287619E442B90069858A /* fotoframe_r_y.png in Resources */,
				5B01288519E442B90069858A /* indibar_nl_r.png in Resources */,
				5B01284C19E442B90069858A /* bg_profile_liu.png in Resources */,
				5B01289F19E442B90069858A /* titleframe_big_w.png in Resources */,
				5B01287C19E442B90069858A /* indi_personal_g.png in Resources */,
				5B01287119E442B90069858A /* fotoframe_r_w.png in Resources */,
				5B01284E19E442B90069858A /* bg_profile_sekaryo.png in Resources */,
				5B01288219E442B90069858A /* indibar_r.png in Resources */,
				5B0128A119E442B90069858A /* titleframe_big_r.png in Resources */,
				5B01288C19E442B90069858A /* indibar_y.png in Resources */,
				5B01285E19E442B90069858A /* bt_profile.png in Resources */,
				5B01287A19E442B90069858A /* indi_personal_p.png in Resources */,
				5B01289719E442B90069858A /* moodboard_sekaryo.png in Resources */,
				5B01288119E442B90069858A /* indibar_p.png in Resources */,
				5B01288719E442B90069858A /* indibar_nl_b.png in Resources */,
				5B01286D19E442B90069858A /* foto_sekaryo_s.png in Resources */,
				5B01286E19E442B90069858A /* foto_tomari_l.png in Resources */,
				5B01285919E442B90069858A /* bt_playmovie_kikuchi.png in Resources */,
				5B01287E19E442B90069858A /* indi_personal_y.png in Resources */,
				5B01285619E442B90069858A /* bt_movie.png in Resources */,
				5B01285419E442B90069858A /* bt_fotos.png in Resources */,
				5B01289119E442B90069858A /* loops_m.png in Resources */,
				5B01286319E442B90069858A /* dot_solid.png in Resources */,
				5B01288619E442B90069858A /* indibar_nl_g.png in Resources */,
				5B01288B19E442B90069858A /* indibar_selected.png in Resources */,
				5B01285B19E442B90069858A /* bt_playmovie_ogata.png in Resources */,
				5B01289519E442B90069858A /* moodboard_liu.png in Resources */,
				5B01288E19E442B90069858A /* line_rt.png in Resources */,
				5B01289E19E442B90069858A /* tagcubes_y.png in Resources */,
			);
			runOnlyForDeploymentPostprocessing = 0;
		};
		5B0127D219E43EB80069858A /* Resources */ = {
			isa = PBXResourcesBuildPhase;
			buildActionMask = 2147483647;
			files = (
			);
			runOnlyForDeploymentPostprocessing = 0;
		};
/* End PBXResourcesBuildPhase section */

/* Begin PBXSourcesBuildPhase section */
		5B0127B819E43EB70069858A /* Sources */ = {
			isa = PBXSourcesBuildPhase;
			buildActionMask = 2147483647;
			files = (
				5B2229CF19FE6A50003E219D /* TriangleView.swift in Sources */,
				5B0127C719E43EB80069858A /* HomeViewController.swift in Sources */,
				5B0127C219E43EB80069858A /* AppDelegate.swift in Sources */,
				5B2229D119FE6EB3003E219D /* RectangleView.swift in Sources */,
				5B02FF4419FCE53A00D34A0E /* ProfileViewController.swift in Sources */,
				5B0127C519E43EB80069858A /* Infinity_Swift.xcdatamodeld in Sources */,
			);
			runOnlyForDeploymentPostprocessing = 0;
		};
		5B0127D019E43EB80069858A /* Sources */ = {
			isa = PBXSourcesBuildPhase;
			buildActionMask = 2147483647;
			files = (
				5B0127DB19E43EB80069858A /* Infinity_SwiftTests.swift in Sources */,
			);
			runOnlyForDeploymentPostprocessing = 0;
		};
/* End PBXSourcesBuildPhase section */

/* Begin PBXTargetDependency section */
		5B0127D619E43EB80069858A /* PBXTargetDependency */ = {
			isa = PBXTargetDependency;
			target = 5B0127BB19E43EB70069858A /* Infinity_Swift */;
			targetProxy = 5B0127D519E43EB80069858A /* PBXContainerItemProxy */;
		};
/* End PBXTargetDependency section */

/* Begin PBXVariantGroup section */
		5B0127C819E43EB80069858A /* Main.storyboard */ = {
			isa = PBXVariantGroup;
			children = (
				5B0127C919E43EB80069858A /* Base */,
			);
			name = Main.storyboard;
			sourceTree = "<group>";
		};
		5B0127CD19E43EB80069858A /* LaunchScreen.xib */ = {
			isa = PBXVariantGroup;
			children = (
				5B0127CE19E43EB80069858A /* Base */,
			);
			name = LaunchScreen.xib;
			sourceTree = "<group>";
		};
/* End PBXVariantGroup section */

/* Begin XCBuildConfiguration section */
		5B0127DC19E43EB80069858A /* Debug */ = {
			isa = XCBuildConfiguration;
			buildSettings = {
				ALWAYS_SEARCH_USER_PATHS = NO;
				CLANG_CXX_LANGUAGE_STANDARD = "gnu++0x";
				CLANG_CXX_LIBRARY = "libc++";
				CLANG_ENABLE_MODULES = YES;
				CLANG_ENABLE_OBJC_ARC = YES;
				CLANG_WARN_BOOL_CONVERSION = YES;
				CLANG_WARN_CONSTANT_CONVERSION = YES;
				CLANG_WARN_DIRECT_OBJC_ISA_USAGE = YES_ERROR;
				CLANG_WARN_EMPTY_BODY = YES;
				CLANG_WARN_ENUM_CONVERSION = YES;
				CLANG_WARN_INT_CONVERSION = YES;
				CLANG_WARN_OBJC_ROOT_CLASS = YES_ERROR;
				CLANG_WARN_UNREACHABLE_CODE = YES;
				CLANG_WARN__DUPLICATE_METHOD_MATCH = YES;
				"CODE_SIGN_IDENTITY[sdk=iphoneos*]" = "iPhone Developer";
				COPY_PHASE_STRIP = NO;
				ENABLE_STRICT_OBJC_MSGSEND = YES;
				GCC_C_LANGUAGE_STANDARD = gnu99;
				GCC_DYNAMIC_NO_PIC = NO;
				GCC_OPTIMIZATION_LEVEL = 0;
				GCC_PREPROCESSOR_DEFINITIONS = (
					"DEBUG=1",
					"$(inherited)",
				);
				GCC_SYMBOLS_PRIVATE_EXTERN = NO;
				GCC_WARN_64_TO_32_BIT_CONVERSION = YES;
				GCC_WARN_ABOUT_RETURN_TYPE = YES_ERROR;
				GCC_WARN_UNDECLARED_SELECTOR = YES;
				GCC_WARN_UNINITIALIZED_AUTOS = YES_AGGRESSIVE;
				GCC_WARN_UNUSED_FUNCTION = YES;
				GCC_WARN_UNUSED_VARIABLE = YES;
				IPHONEOS_DEPLOYMENT_TARGET = 8.0;
				MTL_ENABLE_DEBUG_INFO = YES;
				ONLY_ACTIVE_ARCH = YES;
				SDKROOT = iphoneos;
				SWIFT_OPTIMIZATION_LEVEL = "-Onone";
				TARGETED_DEVICE_FAMILY = 2;
			};
			name = Debug;
		};
		5B0127DD19E43EB80069858A /* Release */ = {
			isa = XCBuildConfiguration;
			buildSettings = {
				ALWAYS_SEARCH_USER_PATHS = NO;
				CLANG_CXX_LANGUAGE_STANDARD = "gnu++0x";
				CLANG_CXX_LIBRARY = "libc++";
				CLANG_ENABLE_MODULES = YES;
				CLANG_ENABLE_OBJC_ARC = YES;
				CLANG_WARN_BOOL_CONVERSION = YES;
				CLANG_WARN_CONSTANT_CONVERSION = YES;
				CLANG_WARN_DIRECT_OBJC_ISA_USAGE = YES_ERROR;
				CLANG_WARN_EMPTY_BODY = YES;
				CLANG_WARN_ENUM_CONVERSION = YES;
				CLANG_WARN_INT_CONVERSION = YES;
				CLANG_WARN_OBJC_ROOT_CLASS = YES_ERROR;
				CLANG_WARN_UNREACHABLE_CODE = YES;
				CLANG_WARN__DUPLICATE_METHOD_MATCH = YES;
				"CODE_SIGN_IDENTITY[sdk=iphoneos*]" = "iPhone Developer";
				COPY_PHASE_STRIP = YES;
				ENABLE_NS_ASSERTIONS = NO;
				ENABLE_STRICT_OBJC_MSGSEND = YES;
				GCC_C_LANGUAGE_STANDARD = gnu99;
				GCC_WARN_64_TO_32_BIT_CONVERSION = YES;
				GCC_WARN_ABOUT_RETURN_TYPE = YES_ERROR;
				GCC_WARN_UNDECLARED_SELECTOR = YES;
				GCC_WARN_UNINITIALIZED_AUTOS = YES_AGGRESSIVE;
				GCC_WARN_UNUSED_FUNCTION = YES;
				GCC_WARN_UNUSED_VARIABLE = YES;
				IPHONEOS_DEPLOYMENT_TARGET = 8.0;
				MTL_ENABLE_DEBUG_INFO = NO;
				SDKROOT = iphoneos;
				TARGETED_DEVICE_FAMILY = 2;
				VALIDATE_PRODUCT = YES;
			};
			name = Release;
		};
		5B0127DF19E43EB80069858A /* Debug */ = {
			isa = XCBuildConfiguration;
			buildSettings = {
				ASSETCATALOG_COMPILER_APPICON_NAME = AppIcon;
				INFOPLIST_FILE = Infinity_Swift/Info.plist;
				LD_RUNPATH_SEARCH_PATHS = "$(inherited) @executable_path/Frameworks";
				PRODUCT_NAME = "$(TARGET_NAME)";
				TARGETED_DEVICE_FAMILY = 2;
			};
			name = Debug;
		};
		5B0127E019E43EB80069858A /* Release */ = {
			isa = XCBuildConfiguration;
			buildSettings = {
				ASSETCATALOG_COMPILER_APPICON_NAME = AppIcon;
				INFOPLIST_FILE = Infinity_Swift/Info.plist;
				LD_RUNPATH_SEARCH_PATHS = "$(inherited) @executable_path/Frameworks";
				PRODUCT_NAME = "$(TARGET_NAME)";
				TARGETED_DEVICE_FAMILY = 2;
			};
			name = Release;
		};
		5B0127E219E43EB80069858A /* Debug */ = {
			isa = XCBuildConfiguration;
			buildSettings = {
				BUNDLE_LOADER = "$(TEST_HOST)";
				FRAMEWORK_SEARCH_PATHS = (
					"$(SDKROOT)/Developer/Library/Frameworks",
					"$(inherited)",
				);
				GCC_PREPROCESSOR_DEFINITIONS = (
					"DEBUG=1",
					"$(inherited)",
				);
				INFOPLIST_FILE = Infinity_SwiftTests/Info.plist;
				LD_RUNPATH_SEARCH_PATHS = "$(inherited) @executable_path/Frameworks @loader_path/Frameworks";
				PRODUCT_NAME = "$(TARGET_NAME)";
				TEST_HOST = "$(BUILT_PRODUCTS_DIR)/Infinity_Swift.app/Infinity_Swift";
			};
			name = Debug;
		};
		5B0127E319E43EB80069858A /* Release */ = {
			isa = XCBuildConfiguration;
			buildSettings = {
				BUNDLE_LOADER = "$(TEST_HOST)";
				FRAMEWORK_SEARCH_PATHS = (
					"$(SDKROOT)/Developer/Library/Frameworks",
					"$(inherited)",
				);
				INFOPLIST_FILE = Infinity_SwiftTests/Info.plist;
				LD_RUNPATH_SEARCH_PATHS = "$(inherited) @executable_path/Frameworks @loader_path/Frameworks";
				PRODUCT_NAME = "$(TARGET_NAME)";
				TEST_HOST = "$(BUILT_PRODUCTS_DIR)/Infinity_Swift.app/Infinity_Swift";
			};
			name = Release;
		};
/* End XCBuildConfiguration section */

/* Begin XCConfigurationList section */
		5B0127B719E43EB70069858A /* Build configuration list for PBXProject "Infinity_Swift" */ = {
			isa = XCConfigurationList;
			buildConfigurations = (
				5B0127DC19E43EB80069858A /* Debug */,
				5B0127DD19E43EB80069858A /* Release */,
			);
			defaultConfigurationIsVisible = 0;
			defaultConfigurationName = Release;
		};
		5B0127DE19E43EB80069858A /* Build configuration list for PBXNativeTarget "Infinity_Swift" */ = {
			isa = XCConfigurationList;
			buildConfigurations = (
				5B0127DF19E43EB80069858A /* Debug */,
				5B0127E019E43EB80069858A /* Release */,
			);
			defaultConfigurationIsVisible = 0;
			defaultConfigurationName = Release;
		};
		5B0127E119E43EB80069858A /* Build configuration list for PBXNativeTarget "Infinity_SwiftTests" */ = {
			isa = XCConfigurationList;
			buildConfigurations = (
				5B0127E219E43EB80069858A /* Debug */,
				5B0127E319E43EB80069858A /* Release */,
			);
			defaultConfigurationIsVisible = 0;
			defaultConfigurationName = Release;
		};
/* End XCConfigurationList section */

/* Begin XCVersionGroup section */
		5B0127C319E43EB80069858A /* Infinity_Swift.xcdatamodeld */ = {
			isa = XCVersionGroup;
			children = (
				5B0127C419E43EB80069858A /* Infinity_Swift.xcdatamodel */,
			);
			currentVersion = 5B0127C419E43EB80069858A /* Infinity_Swift.xcdatamodel */;
			path = Infinity_Swift.xcdatamodeld;
			sourceTree = "<group>";
			versionGroupType = wrapper.xcdatamodel;
		};
/* End XCVersionGroup section */
	};
	rootObject = 5B0127B419E43EB70069858A /* Project object */;
}
